
Microsoft Visual Studio Solution File, Format Version 12.00
# Visual Studio Version 17
VisualStudioVersion = 17.5.002.0
MinimumVisualStudioVersion = 10.0.40219.1
Project("{9A19103F-16F7-4668-BE54-9A1E7A4F7556}") = "CookiesCookbookApp", "CookiesCookbookApp.csproj", "{BE4B5E0A-A611-44B3-AADC-D91FA37D9A98}"
EndProject
Global
	GlobalSection(SolutionConfigurationPlatforms) = preSolution
		Debug|Any CPU = Debug|Any CPU
		Release|Any CPU = Release|Any CPU
	EndGlobalSection
	GlobalSection(ProjectConfigurationPlatforms) = postSolution
		{BE4B5E0A-A611-44B3-AADC-D91FA37D9A98}.Debug|Any CPU.ActiveCfg = Debug|Any CPU
		{BE4B5E0A-A611-44B3-AADC-D91FA37D9A98}.Debug|Any CPU.Build.0 = Debug|Any CPU
		{BE4B5E0A-A611-44B3-AADC-D91FA37D9A98}.Release|Any CPU.ActiveCfg = Release|Any CPU
		{BE4B5E0A-A611-44B3-AADC-D91FA37D9A98}.Release|Any CPU.Build.0 = Release|Any CPU
	EndGlobalSection
	GlobalSection(SolutionProperties) = preSolution
		HideSolutionNode = FALSE
	EndGlobalSection
	GlobalSection(ExtensibilityGlobals) = postSolution
		SolutionGuid = {A1CD7D91-C9BE-4202-AF98-BCF8D6002CFD}
	EndGlobalSection
EndGlobal
