
Microsoft Visual Studio Solution File, Format Version 12.00
# Visual Studio Version 17
VisualStudioVersion = 17.5.002.0
MinimumVisualStudioVersion = 10.0.40219.1
Project("{9A19103F-16F7-4668-BE54-9A1E7A4F7556}") = "PropertiesInC#", "PropertiesInC#\PropertiesInC#.csproj", "{64E57DEB-3972-4E21-AC08-FF4F23211DAB}"
EndProject
Project("{9A19103F-16F7-4668-BE54-9A1E7A4F7556}") = "Triangle", "Triangle\Triangle.csproj", "{117ECAD8-1E49-4EB4-8CFD-0697B251A19D}"
EndProject
Project("{9A19103F-16F7-4668-BE54-9A1E7A4F7556}") = "GettingStarted", "GettingStarted\GettingStarted.csproj", "{C70C1BF7-E9A6-435B-ADDA-A1F7AD1EC408}"
EndProject
Project("{9A19103F-16F7-4668-BE54-9A1E7A4F7556}") = "ComputedProperties", "ComputedProperties\ComputedProperties.csproj", "{DD8C025C-EAA9-4A0E-AEF4-C539A0E142A6}"
EndProject
Global
	GlobalSection(SolutionConfigurationPlatforms) = preSolution
		Debug|Any CPU = Debug|Any CPU
		Release|Any CPU = Release|Any CPU
	EndGlobalSection
	GlobalSection(ProjectConfigurationPlatforms) = postSolution
		{64E57DEB-3972-4E21-AC08-FF4F23211DAB}.Debug|Any CPU.ActiveCfg = Debug|Any CPU
		{64E57DEB-3972-4E21-AC08-FF4F23211DAB}.Debug|Any CPU.Build.0 = Debug|Any CPU
		{64E57DEB-3972-4E21-AC08-FF4F23211DAB}.Release|Any CPU.ActiveCfg = Release|Any CPU
		{64E57DEB-3972-4E21-AC08-FF4F23211DAB}.Release|Any CPU.Build.0 = Release|Any CPU
		{117ECAD8-1E49-4EB4-8CFD-0697B251A19D}.Debug|Any CPU.ActiveCfg = Debug|Any CPU
		{117ECAD8-1E49-4EB4-8CFD-0697B251A19D}.Debug|Any CPU.Build.0 = Debug|Any CPU
		{117ECAD8-1E49-4EB4-8CFD-0697B251A19D}.Release|Any CPU.ActiveCfg = Release|Any CPU
		{117ECAD8-1E49-4EB4-8CFD-0697B251A19D}.Release|Any CPU.Build.0 = Release|Any CPU
		{C70C1BF7-E9A6-435B-ADDA-A1F7AD1EC408}.Debug|Any CPU.ActiveCfg = Debug|Any CPU
		{C70C1BF7-E9A6-435B-ADDA-A1F7AD1EC408}.Debug|Any CPU.Build.0 = Debug|Any CPU
		{C70C1BF7-E9A6-435B-ADDA-A1F7AD1EC408}.Release|Any CPU.ActiveCfg = Release|Any CPU
		{C70C1BF7-E9A6-435B-ADDA-A1F7AD1EC408}.Release|Any CPU.Build.0 = Release|Any CPU
		{DD8C025C-EAA9-4A0E-AEF4-C539A0E142A6}.Debug|Any CPU.ActiveCfg = Debug|Any CPU
		{DD8C025C-EAA9-4A0E-AEF4-C539A0E142A6}.Debug|Any CPU.Build.0 = Debug|Any CPU
		{DD8C025C-EAA9-4A0E-AEF4-C539A0E142A6}.Release|Any CPU.ActiveCfg = Release|Any CPU
		{DD8C025C-EAA9-4A0E-AEF4-C539A0E142A6}.Release|Any CPU.Build.0 = Release|Any CPU
	EndGlobalSection
	GlobalSection(SolutionProperties) = preSolution
		HideSolutionNode = FALSE
	EndGlobalSection
	GlobalSection(ExtensibilityGlobals) = postSolution
		SolutionGuid = {6EA29A43-13F0-4523-B2F3-B01A4E521685}
	EndGlobalSection
EndGlobal
