
Microsoft Visual Studio Solution File, Format Version 12.00
# Visual Studio Version 17
VisualStudioVersion = 17.5.002.0
MinimumVisualStudioVersion = 10.0.40219.1
Project("{9A19103F-16F7-4668-BE54-9A1E7A4F7556}") = "CookiesCookbookAppRefactored", "CookiesCookbookAppRefactored.csproj", "{D01CAD42-2F9E-41EA-9937-4EB15E0D9589}"
EndProject
Global
	GlobalSection(SolutionConfigurationPlatforms) = preSolution
		Debug|Any CPU = Debug|Any CPU
		Release|Any CPU = Release|Any CPU
	EndGlobalSection
	GlobalSection(ProjectConfigurationPlatforms) = postSolution
		{D01CAD42-2F9E-41EA-9937-4EB15E0D9589}.Debug|Any CPU.ActiveCfg = Debug|Any CPU
		{D01CAD42-2F9E-41EA-9937-4EB15E0D9589}.Debug|Any CPU.Build.0 = Debug|Any CPU
		{D01CAD42-2F9E-41EA-9937-4EB15E0D9589}.Release|Any CPU.ActiveCfg = Release|Any CPU
		{D01CAD42-2F9E-41EA-9937-4EB15E0D9589}.Release|Any CPU.Build.0 = Release|Any CPU
	EndGlobalSection
	GlobalSection(SolutionProperties) = preSolution
		HideSolutionNode = FALSE
	EndGlobalSection
	GlobalSection(ExtensibilityGlobals) = postSolution
		SolutionGuid = {038E657E-3C9A-481B-8D9E-DF6A7B2CB672}
	EndGlobalSection
EndGlobal
